# This file is automatically @generated by Cargo.
# It is not intended for manual editing.
version = 3

[[package]]
name = "aho-corasick"
version = "1.1.2"
source = "registry+https://github.com/rust-lang/crates.io-index"
checksum = "b2969dcb958b36655471fc61f7e416fa76033bdd4bfed0678d8fee1e2d07a1f0"
dependencies = [
 "memchr",
]

[[package]]
name = "allocator"
version = "0.1.0"
source = "git+https://github.com/lemosyne/allocator.git#b1c5893b1318882e4288d306d726cf10aca84f33"
dependencies = [
 "num-traits",
 "serde",
 "thiserror",
]

[[package]]
name = "android-tzdata"
version = "0.1.1"
source = "registry+https://github.com/rust-lang/crates.io-index"
checksum = "e999941b234f3131b00bc13c22d06e8c5ff726d1b6318ac7eb276997bbb4fef0"

[[package]]
name = "android_system_properties"
version = "0.1.5"
source = "registry+https://github.com/rust-lang/crates.io-index"
checksum = "819e7219dbd41043ac279b19830f2efc897156490d7fd6ea916720117ee66311"
dependencies = [
 "libc",
]

[[package]]
name = "anstream"
version = "0.6.4"
source = "registry+https://github.com/rust-lang/crates.io-index"
checksum = "2ab91ebe16eb252986481c5b62f6098f3b698a45e34b5b98200cf20dd2484a44"
dependencies = [
 "anstyle",
 "anstyle-parse",
 "anstyle-query",
 "anstyle-wincon",
 "colorchoice",
 "utf8parse",
]

[[package]]
name = "anstyle"
version = "1.0.4"
source = "registry+https://github.com/rust-lang/crates.io-index"
checksum = "7079075b41f533b8c61d2a4d073c4676e1f8b249ff94a393b0595db304e0dd87"

[[package]]
name = "anstyle-parse"
version = "0.2.2"
source = "registry+https://github.com/rust-lang/crates.io-index"
checksum = "317b9a89c1868f5ea6ff1d9539a69f45dffc21ce321ac1fd1160dfa48c8e2140"
dependencies = [
 "utf8parse",
]

[[package]]
name = "anstyle-query"
version = "1.0.0"
source = "registry+https://github.com/rust-lang/crates.io-index"
checksum = "5ca11d4be1bab0c8bc8734a9aa7bf4ee8316d462a08c6ac5052f888fef5b494b"
dependencies = [
 "windows-sys",
]

[[package]]
name = "anstyle-wincon"
version = "3.0.1"
source = "registry+https://github.com/rust-lang/crates.io-index"
checksum = "f0699d10d2f4d628a98ee7b57b289abbc98ff3bad977cb3152709d4bf2330628"
dependencies = [
 "anstyle",
 "windows-sys",
]

[[package]]
name = "anyhow"
version = "1.0.75"
source = "registry+https://github.com/rust-lang/crates.io-index"
checksum = "a4668cab20f66d8d020e1fbc0ebe47217433c1b6c8f2040faf858554e394ace6"

[[package]]
name = "autocfg"
version = "1.1.0"
source = "registry+https://github.com/rust-lang/crates.io-index"
checksum = "d468802bab17cbc0cc575e9b053f41e72aa36bfa6b7f55e3529ffa43161b97fa"

[[package]]
name = "base64"
version = "0.13.1"
source = "registry+https://github.com/rust-lang/crates.io-index"
checksum = "9e1b586273c5702936fe7b7d6896644d8be71e6314cfe09d3167c95f712589e8"

[[package]]
name = "bincode"
version = "1.3.3"
source = "registry+https://github.com/rust-lang/crates.io-index"
checksum = "b1f45e9417d87227c7a56d22e471c6206462cba514c7590c09aff4cf6d1ddcad"
dependencies = [
 "serde",
]

[[package]]
name = "bindgen"
version = "0.68.1"
source = "registry+https://github.com/rust-lang/crates.io-index"
checksum = "726e4313eb6ec35d2730258ad4e15b547ee75d6afaa1361a922e78e59b7d8078"
dependencies = [
 "bitflags 2.4.1",
 "cexpr",
 "clang-sys",
 "lazy_static",
 "lazycell",
 "log",
 "peeking_take_while",
 "prettyplease",
 "proc-macro2",
 "quote",
 "regex",
 "rustc-hash",
 "shlex",
 "syn 2.0.38",
 "which",
]

[[package]]
name = "bitflags"
version = "1.3.2"
source = "registry+https://github.com/rust-lang/crates.io-index"
checksum = "bef38d45163c2f1dde094a7dfd33ccf595c92905c8f8f4fdc18d06fb1037718a"

[[package]]
name = "bitflags"
version = "2.4.1"
source = "registry+https://github.com/rust-lang/crates.io-index"
checksum = "327762f6e5a765692301e5bb513e0d9fef63be86bbc14528052b1cd3e6f03e07"

[[package]]
name = "bumpalo"
version = "3.14.0"
source = "registry+https://github.com/rust-lang/crates.io-index"
checksum = "7f30e7476521f6f8af1a1c4c0b8cc94f0bee37d91763d0ca2665f299b6cd8aec"

[[package]]
name = "cc"
version = "1.0.83"
source = "registry+https://github.com/rust-lang/crates.io-index"
checksum = "f1174fb0b6ec23863f8b971027804a42614e347eafb0a95bf0b12cdae21fc4d0"
dependencies = [
 "libc",
]

[[package]]
name = "cexpr"
version = "0.6.0"
source = "registry+https://github.com/rust-lang/crates.io-index"
checksum = "6fac387a98bb7c37292057cffc56d62ecb629900026402633ae9160df93a8766"
dependencies = [
 "nom",
]

[[package]]
name = "cfg-if"
version = "1.0.0"
source = "registry+https://github.com/rust-lang/crates.io-index"
checksum = "baf1de4339761588bc0619e3cbc0120ee582ebb74b53b4efbf79117bd2da40fd"

[[package]]
name = "chrono"
version = "0.4.31"
source = "registry+https://github.com/rust-lang/crates.io-index"
checksum = "7f2c685bad3eb3d45a01354cedb7d5faa66194d1d58ba6e267a8de788f79db38"
dependencies = [
 "android-tzdata",
 "iana-time-zone",
 "num-traits",
 "serde",
 "windows-targets",
]

[[package]]
name = "clang-sys"
version = "1.6.1"
source = "registry+https://github.com/rust-lang/crates.io-index"
checksum = "c688fc74432808e3eb684cae8830a86be1d66a2bd58e1f248ed0960a590baf6f"
dependencies = [
 "glob",
 "libc",
 "libloading",
]

[[package]]
name = "clap"
version = "4.4.6"
source = "registry+https://github.com/rust-lang/crates.io-index"
checksum = "d04704f56c2cde07f43e8e2c154b43f216dc5c92fc98ada720177362f953b956"
dependencies = [
 "clap_builder",
 "clap_derive",
]

[[package]]
name = "clap_builder"
version = "4.4.6"
source = "registry+https://github.com/rust-lang/crates.io-index"
checksum = "0e231faeaca65ebd1ea3c737966bf858971cd38c3849107aa3ea7de90a804e45"
dependencies = [
 "anstream",
 "anstyle",
 "clap_lex",
 "strsim",
]

[[package]]
name = "clap_derive"
version = "4.4.2"
source = "registry+https://github.com/rust-lang/crates.io-index"
checksum = "0862016ff20d69b84ef8247369fabf5c008a7417002411897d40ee1f4532b873"
dependencies = [
 "heck",
 "proc-macro2",
 "quote",
 "syn 2.0.38",
]

[[package]]
name = "clap_lex"
version = "0.5.1"
source = "registry+https://github.com/rust-lang/crates.io-index"
checksum = "cd7cc57abe963c6d3b9d8be5b06ba7c8957a930305ca90304f24ef040aa6f961"

[[package]]
name = "colorchoice"
version = "1.0.0"
source = "registry+https://github.com/rust-lang/crates.io-index"
checksum = "acbf1af155f9b9ef647e42cdc158db4b64a1b61f743629225fde6f3e0be2a7c7"

[[package]]
name = "core-foundation-sys"
version = "0.8.4"
source = "registry+https://github.com/rust-lang/crates.io-index"
checksum = "e496a50fda8aacccc86d7529e2c1e0892dbd0f898a6b5645b5561b89c3210efa"

[[package]]
name = "crypter"
version = "0.1.0"
source = "git+https://github.com/lemosyne/crypter.git#b41f11ae980b8379e81f1cd82202107c976b61b9"
dependencies = [
 "openssl",
 "paste",
]

[[package]]
name = "cryptio"
version = "0.1.0"
source = "git+https://github.com/lemosyne/cryptio.git#4a24373f62fd24434eead8ac44288c55a5079dc7"
dependencies = [
 "crypter",
 "embedded-io",
 "hasher",
 "hex",
 "khf",
 "kms",
 "persistence",
 "rand",
]

[[package]]
name = "darling"
version = "0.20.3"
source = "registry+https://github.com/rust-lang/crates.io-index"
checksum = "0209d94da627ab5605dcccf08bb18afa5009cfbef48d8a8b7d7bdbc79be25c5e"
dependencies = [
 "darling_core",
 "darling_macro",
]

[[package]]
name = "darling_core"
version = "0.20.3"
source = "registry+https://github.com/rust-lang/crates.io-index"
checksum = "177e3443818124b357d8e76f53be906d60937f0d3a90773a664fa63fa253e621"
dependencies = [
 "fnv",
 "ident_case",
 "proc-macro2",
 "quote",
 "strsim",
 "syn 2.0.38",
]

[[package]]
name = "darling_macro"
version = "0.20.3"
source = "registry+https://github.com/rust-lang/crates.io-index"
checksum = "836a9bbc7ad63342d6d6e7b815ccab164bc77a2d95d84bc3117a8c0d5c98e2d5"
dependencies = [
 "darling_core",
 "quote",
 "syn 2.0.38",
]

[[package]]
name = "deranged"
version = "0.3.9"
source = "registry+https://github.com/rust-lang/crates.io-index"
checksum = "0f32d04922c60427da6f9fef14d042d9edddef64cb9d4ce0d64d0685fbeb1fd3"
dependencies = [
 "powerfmt",
 "serde",
]

[[package]]
name = "either"
version = "1.9.0"
source = "registry+https://github.com/rust-lang/crates.io-index"
checksum = "a26ae43d7bcc3b814de94796a5e736d4029efb0ee900c12e2d54c993ad1a1e07"

[[package]]
name = "embedded-io"
version = "0.4.0"
source = "git+https://github.com/euugenechou/embedded-io.git#d2285b9de96df509caea7e3110bf5a35978be903"
dependencies = [
 "futures",
]

[[package]]
name = "env_logger"
version = "0.10.0"
source = "registry+https://github.com/rust-lang/crates.io-index"
checksum = "85cdab6a89accf66733ad5a1693a4dcced6aeff64602b634530dd73c1f3ee9f0"
dependencies = [
 "humantime",
 "is-terminal",
 "log",
 "regex",
 "termcolor",
]

[[package]]
name = "errno"
version = "0.3.5"
source = "registry+https://github.com/rust-lang/crates.io-index"
checksum = "ac3e13f66a2f95e32a39eaa81f6b95d42878ca0e1db0c7543723dfe12557e860"
dependencies = [
 "libc",
 "windows-sys",
]

[[package]]
name = "fastrand"
version = "1.9.0"
source = "registry+https://github.com/rust-lang/crates.io-index"
checksum = "e51093e27b0797c359783294ca4f0a911c270184cb10f85783b118614a1501be"
dependencies = [
 "instant",
]

[[package]]
name = "filesystem-macro"
version = "0.1.0"
source = "git+https://github.com/euugenechou/fuse-sys.git#6004e5fcdd25d519b94f13e8ae01b5bd27b0d0fa"
dependencies = [
 "anyhow",
 "nix 0.24.3",
 "proc-macro2",
 "quote",
 "random-string",
 "syn 1.0.109",
]

[[package]]
name = "fnv"
version = "1.0.7"
source = "registry+https://github.com/rust-lang/crates.io-index"
checksum = "3f9eec918d3f24069decb9af1554cad7c880e2da24a9afd88aca000531ab82c1"

[[package]]
name = "foreign-types"
version = "0.3.2"
source = "registry+https://github.com/rust-lang/crates.io-index"
checksum = "f6f339eb8adc052cd2ca78910fda869aefa38d22d5cb648e6485e4d3fc06f3b1"
dependencies = [
 "foreign-types-shared",
]

[[package]]
name = "foreign-types-shared"
version = "0.1.1"
source = "registry+https://github.com/rust-lang/crates.io-index"
checksum = "00b0228411908ca8685dba7fc2cdd70ec9990a6e753e89b6ac91a84c40fbaf4b"

[[package]]
name = "fuse-sys"
version = "0.1.0"
source = "git+https://github.com/euugenechou/fuse-sys.git#6004e5fcdd25d519b94f13e8ae01b5bd27b0d0fa"
dependencies = [
 "anyhow",
 "bindgen",
 "filesystem-macro",
 "libc",
 "nix 0.27.1",
 "pkg-config",
]

[[package]]
name = "futures"
version = "0.3.28"
source = "registry+https://github.com/rust-lang/crates.io-index"
checksum = "23342abe12aba583913b2e62f22225ff9c950774065e4bfb61a19cd9770fec40"
dependencies = [
 "futures-channel",
 "futures-core",
 "futures-io",
 "futures-sink",
 "futures-task",
 "futures-util",
]

[[package]]
name = "futures-channel"
version = "0.3.28"
source = "registry+https://github.com/rust-lang/crates.io-index"
checksum = "955518d47e09b25bbebc7a18df10b81f0c766eaf4c4f1cccef2fca5f2a4fb5f2"
dependencies = [
 "futures-core",
 "futures-sink",
]

[[package]]
name = "futures-core"
version = "0.3.28"
source = "registry+https://github.com/rust-lang/crates.io-index"
checksum = "4bca583b7e26f571124fe5b7561d49cb2868d79116cfa0eefce955557c6fee8c"

[[package]]
name = "futures-io"
version = "0.3.28"
source = "registry+https://github.com/rust-lang/crates.io-index"
checksum = "4fff74096e71ed47f8e023204cfd0aa1289cd54ae5430a9523be060cdb849964"

[[package]]
name = "futures-sink"
version = "0.3.28"
source = "registry+https://github.com/rust-lang/crates.io-index"
checksum = "f43be4fe21a13b9781a69afa4985b0f6ee0e1afab2c6f454a8cf30e2b2237b6e"

[[package]]
name = "futures-task"
version = "0.3.28"
source = "registry+https://github.com/rust-lang/crates.io-index"
checksum = "76d3d132be6c0e6aa1534069c705a74a5997a356c0dc2f86a47765e5617c5b65"

[[package]]
name = "futures-util"
version = "0.3.28"
source = "registry+https://github.com/rust-lang/crates.io-index"
checksum = "26b01e40b772d54cf6c6d721c1d1abd0647a0106a12ecaa1c186273392a69533"
dependencies = [
 "futures-channel",
 "futures-core",
 "futures-io",
 "futures-sink",
 "futures-task",
 "memchr",
 "pin-project-lite",
 "pin-utils",
 "slab",
]

[[package]]
name = "getrandom"
version = "0.2.10"
source = "registry+https://github.com/rust-lang/crates.io-index"
checksum = "be4136b2a15dd319360be1c07d9933517ccf0be8f16bf62a3bee4f0d618df427"
dependencies = [
 "cfg-if",
 "libc",
 "wasi",
]

[[package]]
name = "glob"
version = "0.3.1"
source = "registry+https://github.com/rust-lang/crates.io-index"
checksum = "d2fabcfbdc87f4758337ca535fb41a6d701b65693ce38287d856d1674551ec9b"

[[package]]
name = "hashbrown"
version = "0.12.3"
source = "registry+https://github.com/rust-lang/crates.io-index"
checksum = "8a9ee70c43aaf417c914396645a0fa852624801b24ebb7ae78fe8272889ac888"

[[package]]
name = "hasher"
version = "0.1.0"
source = "git+https://github.com/lemosyne/hasher.git#037aa9e94da68da55ab616de5fa8c14912965465"

[[package]]
name = "heck"
version = "0.4.1"
source = "registry+https://github.com/rust-lang/crates.io-index"
checksum = "95505c38b4572b2d910cecb0281560f54b440a19336cbbcb27bf6ce6adc6f5a8"

[[package]]
name = "hermit-abi"
version = "0.3.3"
source = "registry+https://github.com/rust-lang/crates.io-index"
checksum = "d77f7ec81a6d05a3abb01ab6eb7590f6083d08449fe5a1c8b1e620283546ccb7"

[[package]]
name = "hex"
version = "0.4.3"
source = "registry+https://github.com/rust-lang/crates.io-index"
checksum = "7f24254aa9a54b5c858eaee2f5bccdb46aaf0e486a595ed5fd8f86ba55232a70"

[[package]]
name = "home"
version = "0.5.5"
source = "registry+https://github.com/rust-lang/crates.io-index"
checksum = "5444c27eef6923071f7ebcc33e3444508466a76f7a2b93da00ed6e19f30c1ddb"
dependencies = [
 "windows-sys",
]

[[package]]
name = "humantime"
version = "2.1.0"
source = "registry+https://github.com/rust-lang/crates.io-index"
checksum = "9a3a5bfb195931eeb336b2a7b4d761daec841b97f947d34394601737a7bba5e4"

[[package]]
name = "iana-time-zone"
version = "0.1.58"
source = "registry+https://github.com/rust-lang/crates.io-index"
checksum = "8326b86b6cff230b97d0d312a6c40a60726df3332e721f72a1b035f451663b20"
dependencies = [
 "android_system_properties",
 "core-foundation-sys",
 "iana-time-zone-haiku",
 "js-sys",
 "wasm-bindgen",
 "windows-core",
]

[[package]]
name = "iana-time-zone-haiku"
version = "0.1.2"
source = "registry+https://github.com/rust-lang/crates.io-index"
checksum = "f31827a206f56af32e590ba56d5d2d085f558508192593743f16b2306495269f"
dependencies = [
 "cc",
]

[[package]]
name = "ident_case"
version = "1.0.1"
source = "registry+https://github.com/rust-lang/crates.io-index"
checksum = "b9e0384b61958566e926dc50660321d12159025e767c18e043daf26b70104c39"

[[package]]
name = "indexmap"
version = "1.9.3"
source = "registry+https://github.com/rust-lang/crates.io-index"
checksum = "bd070e393353796e801d209ad339e89596eb4c8d430d18ede6a1cced8fafbd99"
dependencies = [
 "autocfg",
 "hashbrown",
 "serde",
]

[[package]]
name = "instant"
version = "0.1.12"
source = "registry+https://github.com/rust-lang/crates.io-index"
checksum = "7a5bbe824c507c5da5956355e86a746d82e0e1464f65d862cc5e71da70e94b2c"
dependencies = [
 "cfg-if",
]

[[package]]
name = "is-terminal"
version = "0.4.9"
source = "registry+https://github.com/rust-lang/crates.io-index"
checksum = "cb0889898416213fab133e1d33a0e5858a48177452750691bde3666d0fdbaf8b"
dependencies = [
 "hermit-abi",
 "rustix",
 "windows-sys",
]

[[package]]
name = "itoa"
version = "1.0.9"
source = "registry+https://github.com/rust-lang/crates.io-index"
checksum = "af150ab688ff2122fcef229be89cb50dd66af9e01a4ff320cc137eecc9bacc38"

[[package]]
name = "js-sys"
version = "0.3.64"
source = "registry+https://github.com/rust-lang/crates.io-index"
checksum = "c5f195fe497f702db0f318b07fdd68edb16955aed830df8363d837542f8f935a"
dependencies = [
 "wasm-bindgen",
]

[[package]]
name = "khf"
version = "0.1.0"
source = "git+https://github.com/lemosyne/khf.git#36babad62583058b043484723718185f53701439"
dependencies = [
 "bincode",
 "embedded-io",
 "hasher",
 "hex",
 "kms",
 "persistence",
 "rand",
 "serde",
 "serde_with",
 "thiserror",
]

[[package]]
name = "kms"
version = "0.1.0"
source = "git+https://github.com/lemosyne/kms.git#478c871c1987dd9174ae30012b6b1802460e1cab"

[[package]]
name = "lazy_static"
version = "1.4.0"
source = "registry+https://github.com/rust-lang/crates.io-index"
checksum = "e2abad23fbc42b3700f2f279844dc832adb2b2eb069b2df918f455c4e18cc646"

[[package]]
name = "lazycell"
version = "1.3.0"
source = "registry+https://github.com/rust-lang/crates.io-index"
checksum = "830d08ce1d1d941e6b30645f1a0eb5643013d835ce3779a5fc208261dbe10f55"

[[package]]
name = "libc"
version = "0.2.149"
source = "registry+https://github.com/rust-lang/crates.io-index"
checksum = "a08173bc88b7955d1b3145aa561539096c421ac8debde8cbc3612ec635fee29b"

[[package]]
name = "libloading"
version = "0.7.4"
source = "registry+https://github.com/rust-lang/crates.io-index"
checksum = "b67380fd3b2fbe7527a606e18729d21c6f3951633d0500574c4dc22d2d638b9f"
dependencies = [
 "cfg-if",
 "winapi",
]

[[package]]
name = "linux-raw-sys"
version = "0.4.10"
source = "registry+https://github.com/rust-lang/crates.io-index"
checksum = "da2479e8c062e40bf0066ffa0bc823de0a9368974af99c9f6df941d2c231e03f"

[[package]]
name = "log"
version = "0.4.20"
source = "registry+https://github.com/rust-lang/crates.io-index"
checksum = "b5e6163cb8c49088c2c36f57875e58ccd8c87c7427f7fbd50ea6710b2f3f2e8f"

[[package]]
name = "memchr"
version = "2.6.4"
source = "registry+https://github.com/rust-lang/crates.io-index"
checksum = "f665ee40bc4a3c5590afb1e9677db74a508659dfd71e126420da8274909a0167"

[[package]]
name = "memoffset"
version = "0.6.5"
source = "registry+https://github.com/rust-lang/crates.io-index"
checksum = "5aa361d4faea93603064a027415f07bd8e1d5c88c9fbf68bf56a285428fd79ce"
dependencies = [
 "autocfg",
]

[[package]]
name = "minimal-lexical"
version = "0.2.1"
source = "registry+https://github.com/rust-lang/crates.io-index"
checksum = "68354c5c6bd36d73ff3feceb05efa59b6acb7626617f4962be322a825e61f79a"

[[package]]
name = "nix"
version = "0.24.3"
source = "registry+https://github.com/rust-lang/crates.io-index"
checksum = "fa52e972a9a719cecb6864fb88568781eb706bac2cd1d4f04a648542dbf78069"
dependencies = [
 "bitflags 1.3.2",
 "cfg-if",
 "libc",
 "memoffset",
]

[[package]]
name = "nix"
version = "0.27.1"
source = "registry+https://github.com/rust-lang/crates.io-index"
checksum = "2eb04e9c688eff1c89d72b407f168cf79bb9e867a9d3323ed6c01519eb9cc053"
dependencies = [
 "bitflags 2.4.1",
 "cfg-if",
 "libc",
]

[[package]]
name = "nom"
version = "7.1.3"
source = "registry+https://github.com/rust-lang/crates.io-index"
checksum = "d273983c5a657a70a3e8f2a01329822f3b8c8172b73826411a55751e404a0a4a"
dependencies = [
 "memchr",
 "minimal-lexical",
]

[[package]]
name = "num-traits"
version = "0.2.17"
source = "registry+https://github.com/rust-lang/crates.io-index"
checksum = "39e3200413f237f41ab11ad6d161bc7239c84dcb631773ccd7de3dfe4b5c267c"
dependencies = [
 "autocfg",
]

[[package]]
name = "once_cell"
version = "1.18.0"
source = "registry+https://github.com/rust-lang/crates.io-index"
checksum = "dd8b5dd2ae5ed71462c540258bedcb51965123ad7e7ccf4b9a8cafaa4a63576d"

[[package]]
name = "openssl"
version = "0.10.57"
source = "registry+https://github.com/rust-lang/crates.io-index"
checksum = "bac25ee399abb46215765b1cb35bc0212377e58a061560d8b29b024fd0430e7c"
dependencies = [
 "bitflags 2.4.1",
 "cfg-if",
 "foreign-types",
 "libc",
 "once_cell",
 "openssl-macros",
 "openssl-sys",
]

[[package]]
name = "openssl-macros"
version = "0.1.1"
source = "registry+https://github.com/rust-lang/crates.io-index"
checksum = "a948666b637a0f465e8564c73e89d4dde00d72d4d473cc972f390fc3dcee7d9c"
dependencies = [
 "proc-macro2",
 "quote",
 "syn 2.0.38",
]

[[package]]
name = "openssl-src"
version = "300.1.5+3.1.3"
source = "registry+https://github.com/rust-lang/crates.io-index"
checksum = "559068e4c12950d7dcaa1857a61725c0d38d4fc03ff8e070ab31a75d6e316491"
dependencies = [
 "cc",
]

[[package]]
name = "openssl-sys"
version = "0.9.93"
source = "registry+https://github.com/rust-lang/crates.io-index"
checksum = "db4d56a4c0478783083cfafcc42493dd4a981d41669da64b4572a2a089b51b1d"
dependencies = [
 "cc",
 "libc",
 "openssl-src",
 "pkg-config",
 "vcpkg",
]

[[package]]
name = "passthrough"
version = "0.1.0"
source = "git+https://github.com/lemosyne/passthrough.git#b644428e6d3d21a6d6336fb93eeaadb30529dd2f"
dependencies = [
 "anyhow",
 "clap",
 "fuse-sys",
 "libc",
 "log",
 "pretty_env_logger",
 "umask",
 "xmp",
]

[[package]]
name = "paste"
version = "1.0.14"
source = "registry+https://github.com/rust-lang/crates.io-index"
checksum = "de3145af08024dea9fa9914f381a17b8fc6034dfb00f3a84013f7ff43f29ed4c"

[[package]]
name = "peeking_take_while"
version = "0.1.2"
source = "registry+https://github.com/rust-lang/crates.io-index"
checksum = "19b17cddbe7ec3f8bc800887bab5e717348c95ea2ca0b1bf0837fb964dc67099"

[[package]]
name = "persistence"
version = "0.1.0"
source = "git+https://github.com/lemosyne/persistence.git#8cfe1bf9728db7bf0e483811bfe7f7b6767d97e9"
dependencies = [
 "embedded-io",
]

[[package]]
name = "pin-project-lite"
version = "0.2.13"
source = "registry+https://github.com/rust-lang/crates.io-index"
checksum = "8afb450f006bf6385ca15ef45d71d2288452bc3683ce2e2cacc0d18e4be60b58"

[[package]]
name = "pin-utils"
version = "0.1.0"
source = "registry+https://github.com/rust-lang/crates.io-index"
checksum = "8b870d8c151b6f2fb93e84a13146138f05d02ed11c7e7c54f8826aaaf7c9f184"

[[package]]
name = "pkg-config"
version = "0.3.27"
source = "registry+https://github.com/rust-lang/crates.io-index"
checksum = "26072860ba924cbfa98ea39c8c19b4dd6a4a25423dbdf219c1eca91aa0cf6964"

[[package]]
name = "powerfmt"
version = "0.2.0"
source = "registry+https://github.com/rust-lang/crates.io-index"
checksum = "439ee305def115ba05938db6eb1644ff94165c5ab5e9420d1c1bcedbba909391"

[[package]]
name = "ppv-lite86"
version = "0.2.17"
source = "registry+https://github.com/rust-lang/crates.io-index"
checksum = "5b40af805b3121feab8a3c29f04d8ad262fa8e0561883e7653e024ae4479e6de"

[[package]]
name = "pretty_env_logger"
version = "0.5.0"
source = "registry+https://github.com/rust-lang/crates.io-index"
checksum = "865724d4dbe39d9f3dd3b52b88d859d66bcb2d6a0acfd5ea68a65fb66d4bdc1c"
dependencies = [
 "env_logger",
 "log",
]

[[package]]
name = "prettyplease"
version = "0.2.15"
source = "registry+https://github.com/rust-lang/crates.io-index"
checksum = "ae005bd773ab59b4725093fd7df83fd7892f7d8eafb48dbd7de6e024e4215f9d"
dependencies = [
 "proc-macro2",
 "syn 2.0.38",
]

[[package]]
name = "proc-macro2"
version = "1.0.69"
source = "registry+https://github.com/rust-lang/crates.io-index"
checksum = "134c189feb4956b20f6f547d2cf727d4c0fe06722b20a0eec87ed445a97f92da"
dependencies = [
 "unicode-ident",
]

[[package]]
name = "quote"
version = "1.0.33"
source = "registry+https://github.com/rust-lang/crates.io-index"
checksum = "5267fca4496028628a95160fc423a33e8b2e6af8a5302579e322e4b520293cae"
dependencies = [
 "proc-macro2",
]

[[package]]
name = "rand"
version = "0.8.5"
source = "registry+https://github.com/rust-lang/crates.io-index"
checksum = "34af8d1a0e25924bc5b7c43c079c942339d8f0a8b57c39049bef581b46327404"
dependencies = [
 "libc",
 "rand_chacha",
 "rand_core",
]

[[package]]
name = "rand_chacha"
version = "0.3.1"
source = "registry+https://github.com/rust-lang/crates.io-index"
checksum = "e6c10a63a0fa32252be49d21e7709d4d4baf8d231c2dbce1eaa8141b9b127d88"
dependencies = [
 "ppv-lite86",
 "rand_core",
]

[[package]]
name = "rand_core"
version = "0.6.4"
source = "registry+https://github.com/rust-lang/crates.io-index"
checksum = "ec0be4795e2f6a28069bec0b5ff3e2ac9bafc99e6a9a7dc3547996c5c816922c"
dependencies = [
 "getrandom",
]

[[package]]
name = "random-string"
version = "1.0.0"
source = "registry+https://github.com/rust-lang/crates.io-index"
checksum = "cf4e63111ec5292d8af9c220f06fe3bb87991cc78b6f1f7e291d1ae6b8a60817"
dependencies = [
 "fastrand",
]

[[package]]
name = "regex"
version = "1.10.2"
source = "registry+https://github.com/rust-lang/crates.io-index"
checksum = "380b951a9c5e80ddfd6136919eef32310721aa4aacd4889a8d39124b026ab343"
dependencies = [
 "aho-corasick",
 "memchr",
 "regex-automata",
 "regex-syntax",
]

[[package]]
name = "regex-automata"
version = "0.4.3"
source = "registry+https://github.com/rust-lang/crates.io-index"
checksum = "5f804c7828047e88b2d32e2d7fe5a105da8ee3264f01902f796c8e067dc2483f"
dependencies = [
 "aho-corasick",
 "memchr",
 "regex-syntax",
]

[[package]]
name = "regex-syntax"
version = "0.8.2"
source = "registry+https://github.com/rust-lang/crates.io-index"
checksum = "c08c74e62047bb2de4ff487b251e4a92e24f48745648451635cec7d591162d9f"

[[package]]
name = "rustc-hash"
version = "1.1.0"
source = "registry+https://github.com/rust-lang/crates.io-index"
checksum = "08d43f7aa6b08d49f382cde6a7982047c3426db949b1424bc4b7ec9ae12c6ce2"

[[package]]
name = "rustix"
version = "0.38.19"
source = "registry+https://github.com/rust-lang/crates.io-index"
checksum = "745ecfa778e66b2b63c88a61cb36e0eea109e803b0b86bf9879fbc77c70e86ed"
dependencies = [
 "bitflags 2.4.1",
 "errno",
 "libc",
 "linux-raw-sys",
 "windows-sys",
]

[[package]]
name = "ryu"
version = "1.0.15"
source = "registry+https://github.com/rust-lang/crates.io-index"
checksum = "1ad4cc8da4ef723ed60bced201181d83791ad433213d8c24efffda1eec85d741"

[[package]]
name = "sdbtree"
version = "0.1.0"
dependencies = [
 "bincode",
 "crypter",
 "cryptio",
 "embedded-io",
 "kms",
 "rand",
 "storage",
 "thiserror",
]

[[package]]
name = "sdbtreefs"
version = "0.1.0"
dependencies = [
 "allocator",
 "anyhow",
 "clap",
 "crypter",
 "cryptio",
 "embedded-io",
 "fuse-sys",
 "kms",
 "libc",
 "log",
 "passthrough",
 "pretty_env_logger",
 "rand",
 "sdbtree",
 "serde",
 "thiserror",
 "umask",
]

[[package]]
name = "serde"
version = "1.0.189"
source = "registry+https://github.com/rust-lang/crates.io-index"
checksum = "8e422a44e74ad4001bdc8eede9a4570ab52f71190e9c076d14369f38b9200537"
dependencies = [
 "serde_derive",
]

[[package]]
name = "serde_derive"
version = "1.0.189"
source = "registry+https://github.com/rust-lang/crates.io-index"
checksum = "1e48d1f918009ce3145511378cf68d613e3b3d9137d67272562080d68a2b32d5"
dependencies = [
 "proc-macro2",
 "quote",
 "syn 2.0.38",
]

[[package]]
name = "serde_json"
version = "1.0.107"
source = "registry+https://github.com/rust-lang/crates.io-index"
checksum = "6b420ce6e3d8bd882e9b243c6eed35dbc9a6110c9769e74b584e0d68d1f20c65"
dependencies = [
 "itoa",
 "ryu",
 "serde",
]

[[package]]
name = "serde_with"
version = "2.3.3"
source = "registry+https://github.com/rust-lang/crates.io-index"
checksum = "07ff71d2c147a7b57362cead5e22f772cd52f6ab31cfcd9edcd7f6aeb2a0afbe"
dependencies = [
 "base64",
 "chrono",
 "hex",
 "indexmap",
 "serde",
 "serde_json",
 "serde_with_macros",
 "time",
]

[[package]]
name = "serde_with_macros"
version = "2.3.3"
source = "registry+https://github.com/rust-lang/crates.io-index"
checksum = "881b6f881b17d13214e5d494c939ebab463d01264ce1811e9d4ac3a882e7695f"
dependencies = [
 "darling",
 "proc-macro2",
 "quote",
 "syn 2.0.38",
]

[[package]]
name = "shlex"
version = "1.2.0"
source = "registry+https://github.com/rust-lang/crates.io-index"
checksum = "a7cee0529a6d40f580e7a5e6c495c8fbfe21b7b52795ed4bb5e62cdf92bc6380"

[[package]]
name = "slab"
version = "0.4.9"
source = "registry+https://github.com/rust-lang/crates.io-index"
checksum = "8f92a496fb766b417c996b9c5e57daf2f7ad3b0bebe1ccfca4856390e3d3bb67"
dependencies = [
 "autocfg",
]

[[package]]
name = "storage"
version = "0.1.0"
dependencies = [
 "allocator",
 "embedded-io",
 "thiserror",
]

[[package]]
name = "strsim"
version = "0.10.0"
source = "registry+https://github.com/rust-lang/crates.io-index"
checksum = "73473c0e59e6d5812c5dfe2a064a6444949f089e20eec9a2e5506596494e4623"

[[package]]
name = "syn"
version = "1.0.109"
source = "registry+https://github.com/rust-lang/crates.io-index"
checksum = "72b64191b275b66ffe2469e8af2c1cfe3bafa67b529ead792a6d0160888b4237"
dependencies = [
 "proc-macro2",
 "quote",
 "unicode-ident",
]

[[package]]
name = "syn"
version = "2.0.38"
source = "registry+https://github.com/rust-lang/crates.io-index"
checksum = "e96b79aaa137db8f61e26363a0c9b47d8b4ec75da28b7d1d614c2303e232408b"
dependencies = [
 "proc-macro2",
 "quote",
 "unicode-ident",
]

[[package]]
name = "termcolor"
version = "1.3.0"
source = "registry+https://github.com/rust-lang/crates.io-index"
checksum = "6093bad37da69aab9d123a8091e4be0aa4a03e4d601ec641c327398315f62b64"
dependencies = [
 "winapi-util",
]

[[package]]
name = "thiserror"
version = "1.0.49"
source = "registry+https://github.com/rust-lang/crates.io-index"
checksum = "1177e8c6d7ede7afde3585fd2513e611227efd6481bd78d2e82ba1ce16557ed4"
dependencies = [
 "thiserror-impl",
]

[[package]]
name = "thiserror-impl"
version = "1.0.49"
source = "registry+https://github.com/rust-lang/crates.io-index"
checksum = "10712f02019e9288794769fba95cd6847df9874d49d871d062172f9dd41bc4cc"
dependencies = [
 "proc-macro2",
 "quote",
 "syn 2.0.38",
]

[[package]]
name = "time"
version = "0.3.30"
source = "registry+https://github.com/rust-lang/crates.io-index"
checksum = "c4a34ab300f2dee6e562c10a046fc05e358b29f9bf92277f30c3c8d82275f6f5"
dependencies = [
 "deranged",
 "itoa",
 "powerfmt",
 "serde",
 "time-core",
 "time-macros",
]

[[package]]
name = "time-core"
version = "0.1.2"
source = "registry+https://github.com/rust-lang/crates.io-index"
checksum = "ef927ca75afb808a4d64dd374f00a2adf8d0fcff8e7b184af886c3c87ec4a3f3"

[[package]]
name = "time-macros"
version = "0.2.15"
source = "registry+https://github.com/rust-lang/crates.io-index"
checksum = "4ad70d68dba9e1f8aceda7aa6711965dfec1cac869f311a51bd08b3a2ccbce20"
dependencies = [
 "time-core",
]

[[package]]
name = "umask"
version = "2.1.0"
source = "registry+https://github.com/rust-lang/crates.io-index"
checksum = "ec9a46c2549e35c054e0ffe281a3a6ec0007793db4df106604d37ed3f4d73d1c"
dependencies = [
 "thiserror",
]

[[package]]
name = "unicode-ident"
version = "1.0.12"
source = "registry+https://github.com/rust-lang/crates.io-index"
checksum = "3354b9ac3fae1ff6755cb6db53683adb661634f67557942dea4facebec0fee4b"

[[package]]
name = "utf8parse"
version = "0.2.1"
source = "registry+https://github.com/rust-lang/crates.io-index"
checksum = "711b9620af191e0cdc7468a8d14e709c3dcdb115b36f838e601583af800a370a"

[[package]]
name = "vcpkg"
version = "0.2.15"
source = "registry+https://github.com/rust-lang/crates.io-index"
checksum = "accd4ea62f7bb7a82fe23066fb0957d48ef677f6eeb8215f372f52e48bb32426"

[[package]]
name = "wasi"
version = "0.11.0+wasi-snapshot-preview1"
source = "registry+https://github.com/rust-lang/crates.io-index"
checksum = "9c8d87e72b64a3b4db28d11ce29237c246188f4f51057d65a7eab63b7987e423"

[[package]]
name = "wasm-bindgen"
version = "0.2.87"
source = "registry+https://github.com/rust-lang/crates.io-index"
checksum = "7706a72ab36d8cb1f80ffbf0e071533974a60d0a308d01a5d0375bf60499a342"
dependencies = [
 "cfg-if",
 "wasm-bindgen-macro",
]

[[package]]
name = "wasm-bindgen-backend"
version = "0.2.87"
source = "registry+https://github.com/rust-lang/crates.io-index"
checksum = "5ef2b6d3c510e9625e5fe6f509ab07d66a760f0885d858736483c32ed7809abd"
dependencies = [
 "bumpalo",
 "log",
 "once_cell",
 "proc-macro2",
 "quote",
 "syn 2.0.38",
 "wasm-bindgen-shared",
]

[[package]]
name = "wasm-bindgen-macro"
version = "0.2.87"
source = "registry+https://github.com/rust-lang/crates.io-index"
checksum = "dee495e55982a3bd48105a7b947fd2a9b4a8ae3010041b9e0faab3f9cd028f1d"
dependencies = [
 "quote",
 "wasm-bindgen-macro-support",
]

[[package]]
name = "wasm-bindgen-macro-support"
version = "0.2.87"
source = "registry+https://github.com/rust-lang/crates.io-index"
checksum = "54681b18a46765f095758388f2d0cf16eb8d4169b639ab575a8f5693af210c7b"
dependencies = [
 "proc-macro2",
 "quote",
 "syn 2.0.38",
 "wasm-bindgen-backend",
 "wasm-bindgen-shared",
]

[[package]]
name = "wasm-bindgen-shared"
version = "0.2.87"
source = "registry+https://github.com/rust-lang/crates.io-index"
checksum = "ca6ad05a4870b2bf5fe995117d3728437bd27d7cd5f06f13c17443ef369775a1"

[[package]]
name = "which"
version = "4.4.2"
source = "registry+https://github.com/rust-lang/crates.io-index"
checksum = "87ba24419a2078cd2b0f2ede2691b6c66d8e47836da3b6db8265ebad47afbfc7"
dependencies = [
 "either",
 "home",
 "once_cell",
 "rustix",
]

[[package]]
name = "winapi"
version = "0.3.9"
source = "registry+https://github.com/rust-lang/crates.io-index"
checksum = "5c839a674fcd7a98952e593242ea400abe93992746761e38641405d28b00f419"
dependencies = [
 "winapi-i686-pc-windows-gnu",
 "winapi-x86_64-pc-windows-gnu",
]

[[package]]
name = "winapi-i686-pc-windows-gnu"
version = "0.4.0"
source = "registry+https://github.com/rust-lang/crates.io-index"
checksum = "ac3b87c63620426dd9b991e5ce0329eff545bccbbb34f3be09ff6fb6ab51b7b6"

[[package]]
name = "winapi-util"
version = "0.1.6"
source = "registry+https://github.com/rust-lang/crates.io-index"
checksum = "f29e6f9198ba0d26b4c9f07dbe6f9ed633e1f3d5b8b414090084349e46a52596"
dependencies = [
 "winapi",
]

[[package]]
name = "winapi-x86_64-pc-windows-gnu"
version = "0.4.0"
source = "registry+https://github.com/rust-lang/crates.io-index"
checksum = "712e227841d057c1ee1cd2fb22fa7e5a5461ae8e48fa2ca79ec42cfc1931183f"

[[package]]
name = "windows-core"
version = "0.51.1"
source = "registry+https://github.com/rust-lang/crates.io-index"
checksum = "f1f8cf84f35d2db49a46868f947758c7a1138116f7fac3bc844f43ade1292e64"
dependencies = [
 "windows-targets",
]

[[package]]
name = "windows-sys"
version = "0.48.0"
source = "registry+https://github.com/rust-lang/crates.io-index"
checksum = "677d2418bec65e3338edb076e806bc1ec15693c5d0104683f2efe857f61056a9"
dependencies = [
 "windows-targets",
]

[[package]]
name = "windows-targets"
version = "0.48.5"
source = "registry+https://github.com/rust-lang/crates.io-index"
checksum = "9a2fa6e2155d7247be68c096456083145c183cbbbc2764150dda45a87197940c"
dependencies = [
 "windows_aarch64_gnullvm",
 "windows_aarch64_msvc",
 "windows_i686_gnu",
 "windows_i686_msvc",
 "windows_x86_64_gnu",
 "windows_x86_64_gnullvm",
 "windows_x86_64_msvc",
]

[[package]]
name = "windows_aarch64_gnullvm"
version = "0.48.5"
source = "registry+https://github.com/rust-lang/crates.io-index"
checksum = "2b38e32f0abccf9987a4e3079dfb67dcd799fb61361e53e2882c3cbaf0d905d8"

[[package]]
name = "windows_aarch64_msvc"
version = "0.48.5"
source = "registry+https://github.com/rust-lang/crates.io-index"
checksum = "dc35310971f3b2dbbf3f0690a219f40e2d9afcf64f9ab7cc1be722937c26b4bc"

[[package]]
name = "windows_i686_gnu"
version = "0.48.5"
source = "registry+https://github.com/rust-lang/crates.io-index"
checksum = "a75915e7def60c94dcef72200b9a8e58e5091744960da64ec734a6c6e9b3743e"

[[package]]
name = "windows_i686_msvc"
version = "0.48.5"
source = "registry+https://github.com/rust-lang/crates.io-index"
checksum = "8f55c233f70c4b27f66c523580f78f1004e8b5a8b659e05a4eb49d4166cca406"

[[package]]
name = "windows_x86_64_gnu"
version = "0.48.5"
source = "registry+https://github.com/rust-lang/crates.io-index"
checksum = "53d40abd2583d23e4718fddf1ebec84dbff8381c07cae67ff7768bbf19c6718e"

[[package]]
name = "windows_x86_64_gnullvm"
version = "0.48.5"
source = "registry+https://github.com/rust-lang/crates.io-index"
checksum = "0b7b52767868a23d5bab768e390dc5f5c55825b6d30b86c844ff2dc7414044cc"

[[package]]
name = "windows_x86_64_msvc"
version = "0.48.5"
source = "registry+https://github.com/rust-lang/crates.io-index"
checksum = "ed94fce61571a4006852b7389a063ab983c02eb1bb37b47f8272ce92d06d9538"

[[package]]
name = "xmp"
version = "0.1.0"
source = "git+https://github.com/lemosyne/passthrough.git#b644428e6d3d21a6d6336fb93eeaadb30529dd2f"
dependencies = [
 "bindgen",
 "cc",
 "fuse-sys",
 "pkg-config",
]
